# This file is automatically @generated by Wally.
# It is not intended for manual editing.
registry = "test"

[[package]]
name = "evaera/cmdr"
version = "1.11.0"
dependencies = []

[[package]]
name = "evaera/matter"
version = "0.6.2"
dependencies = [["TestEZ", "roblox/testez@0.4.1"]]

[[package]]
name = "evaera/promise"
version = "4.0.0"
dependencies = []

[[package]]
name = "ffrostflame/bridgenet"
version = "1.9.9"
dependencies = [["GoodSignal", "stravant/goodsignal@0.2.1"], ["Promise", "evaera/promise@4.0.0"]]

[[package]]
name = "howmanysmall/janitor"
version = "1.15.2"
dependencies = []

[[package]]
name = "lasttalon/matter-hooks"
version = "0.1.0"
dependencies = [["Matter", "evaera/matter@0.6.2"], ["TestEZ", "roblox/testez@0.4.1"]]

[[package]]
name = "roblox/testez"
version = "0.4.1"
dependencies = []

[[package]]
name = "stravant/goodsignal"
version = "0.2.1"
dependencies = []

[[package]]
name = "troy/ecs-framework"
version = "0.1.0"
dependencies = [["BridgeNet", "ffrostflame/bridgenet@1.9.9"], ["Cmdr", "evaera/cmdr@1.11.0"], ["GoodSignal", "stravant/goodsignal@0.2.1"], ["Janitor", "howmanysmall/janitor@1.15.2"], ["Matter", "evaera/matter@0.6.2"], ["Matter-Hooks", "lasttalon/matter-hooks@0.1.0"], ["Promise", "evaera/promise@4.0.0"], ["TestEz", "roblox/testez@0.4.1"]]
